
Microsoft Visual Studio Solution File, Format Version 12.00
# Visual Studio Version 16
VisualStudioVersion = 16.0.29613.14
MinimumVisualStudioVersion = 10.0.40219.1
Project("{FAE04EC0-301F-11D3-BF4B-00C04F79EFBC}") = "WpfApp1", "WpfApp1\WpfApp1.csproj", "{F09BA47D-A68C-4F7C-A6CD-31D03676E912}"
EndProject
Global
	GlobalSection(SolutionConfigurationPlatforms) = preSolution
		Debug|Any CPU = Debug|Any CPU
		Release|Any CPU = Release|Any CPU
	EndGlobalSection
	GlobalSection(ProjectConfigurationPlatforms) = postSolution
		{F09BA47D-A68C-4F7C-A6CD-31D03676E912}.Debug|Any CPU.ActiveCfg = Debug|Any CPU
		{F09BA47D-A68C-4F7C-A6CD-31D03676E912}.Debug|Any CPU.Build.0 = Debug|Any CPU
		{F09BA47D-A68C-4F7C-A6CD-31D03676E912}.Release|Any CPU.ActiveCfg = Release|Any CPU
		{F09BA47D-A68C-4F7C-A6CD-31D03676E912}.Release|Any CPU.Build.0 = Release|Any CPU
	EndGlobalSection
	GlobalSection(SolutionProperties) = preSolution
		HideSolutionNode = FALSE
	EndGlobalSection
	GlobalSection(ExtensibilityGlobals) = postSolution
		SolutionGuid = {3A6AE3CD-7E88-4D2E-93D9-7DF383D43E62}
	EndGlobalSection
EndGlobal
